
Microsoft Visual Studio Solution File, Format Version 12.00
# Visual Studio Version 17
VisualStudioVersion = 17.8.0.0
MinimumVisualStudioVersion = 17.8.0.0
Project("{9A19103F-16F7-4668-BE54-9A1E7A4F7556}") = "ACOC2.AppHost", "ACOC2.AppHost\ACOC2.AppHost.csproj", "{42ADA0B8-D5C8-411D-BD63-99B7396A1673}"
EndProject
Project("{9A19103F-16F7-4668-BE54-9A1E7A4F7556}") = "ACOC2.ServiceDefaults", "ACOC2.ServiceDefaults\ACOC2.ServiceDefaults.csproj", "{D637B59A-0403-4F3B-AD9D-45ACA86DE859}"
EndProject
Project("{9A19103F-16F7-4668-BE54-9A1E7A4F7556}") = "ACOC2.CoffeeApi", "ACOC2.ApiService\ACOC2.CoffeeApi.csproj", "{E7A7339B-0A17-4203-845D-5BB5FD281AFC}"
EndProject
Project("{9A19103F-16F7-4668-BE54-9A1E7A4F7556}") = "ACOC2.Web", "ACOC2.Web\ACOC2.Web.csproj", "{DA81B8B2-E305-40F1-B73F-A04ACBFA1BB5}"
EndProject
Project("{FAE04EC0-301F-11D3-BF4B-00C04F79EFBC}") = "ACOC2.BaristaApi", "ACOC2.BaristaApi\ACOC2.BaristaApi.csproj", "{4317C5F8-FCAD-67CD-E25C-6D5C3D60B7E5}"
EndProject
Project("{FAE04EC0-301F-11D3-BF4B-00C04F79EFBC}") = "ACOC2.Shared", "ACOC2.Shared\ACOC2.Shared.csproj", "{C85FAB9D-2A39-4C45-A426-7D0FE8645919}"
EndProject
Project("{FAE04EC0-301F-11D3-BF4B-00C04F79EFBC}") = "ACOC2.BaristaApi.MigrationService", "ACOC2.BaristaApi.MigrationService\ACOC2.BaristaApi.MigrationService.csproj", "{164D3700-55B5-478E-9DD8-9AEC63878D32}"
EndProject
Global
	GlobalSection(SolutionConfigurationPlatforms) = preSolution
		Debug|Any CPU = Debug|Any CPU
		Debug|x64 = Debug|x64
		Debug|x86 = Debug|x86
		Release|Any CPU = Release|Any CPU
		Release|x64 = Release|x64
		Release|x86 = Release|x86
	EndGlobalSection
	GlobalSection(ProjectConfigurationPlatforms) = postSolution
		{42ADA0B8-D5C8-411D-BD63-99B7396A1673}.Debug|Any CPU.ActiveCfg = Debug|Any CPU
		{42ADA0B8-D5C8-411D-BD63-99B7396A1673}.Debug|Any CPU.Build.0 = Debug|Any CPU
		{42ADA0B8-D5C8-411D-BD63-99B7396A1673}.Debug|x64.ActiveCfg = Debug|Any CPU
		{42ADA0B8-D5C8-411D-BD63-99B7396A1673}.Debug|x64.Build.0 = Debug|Any CPU
		{42ADA0B8-D5C8-411D-BD63-99B7396A1673}.Debug|x86.ActiveCfg = Debug|Any CPU
		{42ADA0B8-D5C8-411D-BD63-99B7396A1673}.Debug|x86.Build.0 = Debug|Any CPU
		{42ADA0B8-D5C8-411D-BD63-99B7396A1673}.Release|Any CPU.ActiveCfg = Release|Any CPU
		{42ADA0B8-D5C8-411D-BD63-99B7396A1673}.Release|Any CPU.Build.0 = Release|Any CPU
		{42ADA0B8-D5C8-411D-BD63-99B7396A1673}.Release|x64.ActiveCfg = Release|Any CPU
		{42ADA0B8-D5C8-411D-BD63-99B7396A1673}.Release|x64.Build.0 = Release|Any CPU
		{42ADA0B8-D5C8-411D-BD63-99B7396A1673}.Release|x86.ActiveCfg = Release|Any CPU
		{42ADA0B8-D5C8-411D-BD63-99B7396A1673}.Release|x86.Build.0 = Release|Any CPU
		{D637B59A-0403-4F3B-AD9D-45ACA86DE859}.Debug|Any CPU.ActiveCfg = Debug|Any CPU
		{D637B59A-0403-4F3B-AD9D-45ACA86DE859}.Debug|Any CPU.Build.0 = Debug|Any CPU
		{D637B59A-0403-4F3B-AD9D-45ACA86DE859}.Debug|x64.ActiveCfg = Debug|Any CPU
		{D637B59A-0403-4F3B-AD9D-45ACA86DE859}.Debug|x64.Build.0 = Debug|Any CPU
		{D637B59A-0403-4F3B-AD9D-45ACA86DE859}.Debug|x86.ActiveCfg = Debug|Any CPU
		{D637B59A-0403-4F3B-AD9D-45ACA86DE859}.Debug|x86.Build.0 = Debug|Any CPU
		{D637B59A-0403-4F3B-AD9D-45ACA86DE859}.Release|Any CPU.ActiveCfg = Release|Any CPU
		{D637B59A-0403-4F3B-AD9D-45ACA86DE859}.Release|Any CPU.Build.0 = Release|Any CPU
		{D637B59A-0403-4F3B-AD9D-45ACA86DE859}.Release|x64.ActiveCfg = Release|Any CPU
		{D637B59A-0403-4F3B-AD9D-45ACA86DE859}.Release|x64.Build.0 = Release|Any CPU
		{D637B59A-0403-4F3B-AD9D-45ACA86DE859}.Release|x86.ActiveCfg = Release|Any CPU
		{D637B59A-0403-4F3B-AD9D-45ACA86DE859}.Release|x86.Build.0 = Release|Any CPU
		{E7A7339B-0A17-4203-845D-5BB5FD281AFC}.Debug|Any CPU.ActiveCfg = Debug|Any CPU
		{E7A7339B-0A17-4203-845D-5BB5FD281AFC}.Debug|Any CPU.Build.0 = Debug|Any CPU
		{E7A7339B-0A17-4203-845D-5BB5FD281AFC}.Debug|x64.ActiveCfg = Debug|Any CPU
		{E7A7339B-0A17-4203-845D-5BB5FD281AFC}.Debug|x64.Build.0 = Debug|Any CPU
		{E7A7339B-0A17-4203-845D-5BB5FD281AFC}.Debug|x86.ActiveCfg = Debug|Any CPU
		{E7A7339B-0A17-4203-845D-5BB5FD281AFC}.Debug|x86.Build.0 = Debug|Any CPU
		{E7A7339B-0A17-4203-845D-5BB5FD281AFC}.Release|Any CPU.ActiveCfg = Release|Any CPU
		{E7A7339B-0A17-4203-845D-5BB5FD281AFC}.Release|Any CPU.Build.0 = Release|Any CPU
		{E7A7339B-0A17-4203-845D-5BB5FD281AFC}.Release|x64.ActiveCfg = Release|Any CPU
		{E7A7339B-0A17-4203-845D-5BB5FD281AFC}.Release|x64.Build.0 = Release|Any CPU
		{E7A7339B-0A17-4203-845D-5BB5FD281AFC}.Release|x86.ActiveCfg = Release|Any CPU
		{E7A7339B-0A17-4203-845D-5BB5FD281AFC}.Release|x86.Build.0 = Release|Any CPU
		{DA81B8B2-E305-40F1-B73F-A04ACBFA1BB5}.Debug|Any CPU.ActiveCfg = Debug|Any CPU
		{DA81B8B2-E305-40F1-B73F-A04ACBFA1BB5}.Debug|Any CPU.Build.0 = Debug|Any CPU
		{DA81B8B2-E305-40F1-B73F-A04ACBFA1BB5}.Debug|x64.ActiveCfg = Debug|Any CPU
		{DA81B8B2-E305-40F1-B73F-A04ACBFA1BB5}.Debug|x64.Build.0 = Debug|Any CPU
		{DA81B8B2-E305-40F1-B73F-A04ACBFA1BB5}.Debug|x86.ActiveCfg = Debug|Any CPU
		{DA81B8B2-E305-40F1-B73F-A04ACBFA1BB5}.Debug|x86.Build.0 = Debug|Any CPU
		{DA81B8B2-E305-40F1-B73F-A04ACBFA1BB5}.Release|Any CPU.ActiveCfg = Release|Any CPU
		{DA81B8B2-E305-40F1-B73F-A04ACBFA1BB5}.Release|Any CPU.Build.0 = Release|Any CPU
		{DA81B8B2-E305-40F1-B73F-A04ACBFA1BB5}.Release|x64.ActiveCfg = Release|Any CPU
		{DA81B8B2-E305-40F1-B73F-A04ACBFA1BB5}.Release|x64.Build.0 = Release|Any CPU
		{DA81B8B2-E305-40F1-B73F-A04ACBFA1BB5}.Release|x86.ActiveCfg = Release|Any CPU
		{DA81B8B2-E305-40F1-B73F-A04ACBFA1BB5}.Release|x86.Build.0 = Release|Any CPU
		{4317C5F8-FCAD-67CD-E25C-6D5C3D60B7E5}.Debug|Any CPU.ActiveCfg = Debug|Any CPU
		{4317C5F8-FCAD-67CD-E25C-6D5C3D60B7E5}.Debug|Any CPU.Build.0 = Debug|Any CPU
		{4317C5F8-FCAD-67CD-E25C-6D5C3D60B7E5}.Debug|x64.ActiveCfg = Debug|Any CPU
		{4317C5F8-FCAD-67CD-E25C-6D5C3D60B7E5}.Debug|x64.Build.0 = Debug|Any CPU
		{4317C5F8-FCAD-67CD-E25C-6D5C3D60B7E5}.Debug|x86.ActiveCfg = Debug|Any CPU
		{4317C5F8-FCAD-67CD-E25C-6D5C3D60B7E5}.Debug|x86.Build.0 = Debug|Any CPU
		{4317C5F8-FCAD-67CD-E25C-6D5C3D60B7E5}.Release|Any CPU.ActiveCfg = Release|Any CPU
		{4317C5F8-FCAD-67CD-E25C-6D5C3D60B7E5}.Release|Any CPU.Build.0 = Release|Any CPU
		{4317C5F8-FCAD-67CD-E25C-6D5C3D60B7E5}.Release|x64.ActiveCfg = Release|Any CPU
		{4317C5F8-FCAD-67CD-E25C-6D5C3D60B7E5}.Release|x64.Build.0 = Release|Any CPU
		{4317C5F8-FCAD-67CD-E25C-6D5C3D60B7E5}.Release|x86.ActiveCfg = Release|Any CPU
		{4317C5F8-FCAD-67CD-E25C-6D5C3D60B7E5}.Release|x86.Build.0 = Release|Any CPU
		{C85FAB9D-2A39-4C45-A426-7D0FE8645919}.Debug|Any CPU.ActiveCfg = Debug|Any CPU
		{C85FAB9D-2A39-4C45-A426-7D0FE8645919}.Debug|Any CPU.Build.0 = Debug|Any CPU
		{C85FAB9D-2A39-4C45-A426-7D0FE8645919}.Debug|x64.ActiveCfg = Debug|Any CPU
		{C85FAB9D-2A39-4C45-A426-7D0FE8645919}.Debug|x64.Build.0 = Debug|Any CPU
		{C85FAB9D-2A39-4C45-A426-7D0FE8645919}.Debug|x86.ActiveCfg = Debug|Any CPU
		{C85FAB9D-2A39-4C45-A426-7D0FE8645919}.Debug|x86.Build.0 = Debug|Any CPU
		{C85FAB9D-2A39-4C45-A426-7D0FE8645919}.Release|Any CPU.ActiveCfg = Release|Any CPU
		{C85FAB9D-2A39-4C45-A426-7D0FE8645919}.Release|Any CPU.Build.0 = Release|Any CPU
		{C85FAB9D-2A39-4C45-A426-7D0FE8645919}.Release|x64.ActiveCfg = Release|Any CPU
		{C85FAB9D-2A39-4C45-A426-7D0FE8645919}.Release|x64.Build.0 = Release|Any CPU
		{C85FAB9D-2A39-4C45-A426-7D0FE8645919}.Release|x86.ActiveCfg = Release|Any CPU
		{C85FAB9D-2A39-4C45-A426-7D0FE8645919}.Release|x86.Build.0 = Release|Any CPU
		{164D3700-55B5-478E-9DD8-9AEC63878D32}.Debug|Any CPU.ActiveCfg = Debug|Any CPU
		{164D3700-55B5-478E-9DD8-9AEC63878D32}.Debug|Any CPU.Build.0 = Debug|Any CPU
		{164D3700-55B5-478E-9DD8-9AEC63878D32}.Debug|x64.ActiveCfg = Debug|Any CPU
		{164D3700-55B5-478E-9DD8-9AEC63878D32}.Debug|x64.Build.0 = Debug|Any CPU
		{164D3700-55B5-478E-9DD8-9AEC63878D32}.Debug|x86.ActiveCfg = Debug|Any CPU
		{164D3700-55B5-478E-9DD8-9AEC63878D32}.Debug|x86.Build.0 = Debug|Any CPU
		{164D3700-55B5-478E-9DD8-9AEC63878D32}.Release|Any CPU.ActiveCfg = Release|Any CPU
		{164D3700-55B5-478E-9DD8-9AEC63878D32}.Release|Any CPU.Build.0 = Release|Any CPU
		{164D3700-55B5-478E-9DD8-9AEC63878D32}.Release|x64.ActiveCfg = Release|Any CPU
		{164D3700-55B5-478E-9DD8-9AEC63878D32}.Release|x64.Build.0 = Release|Any CPU
		{164D3700-55B5-478E-9DD8-9AEC63878D32}.Release|x86.ActiveCfg = Release|Any CPU
		{164D3700-55B5-478E-9DD8-9AEC63878D32}.Release|x86.Build.0 = Release|Any CPU
	EndGlobalSection
	GlobalSection(SolutionProperties) = preSolution
		HideSolutionNode = FALSE
	EndGlobalSection
	GlobalSection(ExtensibilityGlobals) = postSolution
		SolutionGuid = {D11C0338-E0FD-43AE-BF34-24C263C9B94F}
	EndGlobalSection
EndGlobal
